
Microsoft Visual Studio Solution File, Format Version 12.00
# Visual Studio 14
VisualStudioVersion = 14.0.25420.1
MinimumVisualStudioVersion = 10.0.40219.1
Project("{8BC9CEB8-8B4A-11D0-8D11-00A0C91BC942}") = "1", "1\1.vcxproj", "{F9B3B878-63A5-4601-9D1A-B36619052736}"
EndProject
Project("{8BC9CEB8-8B4A-11D0-8D11-00A0C91BC942}") = "2", "2\2.vcxproj", "{F9111D3F-060E-40C4-9C76-0D80D64FF793}"
EndProject
Project("{8BC9CEB8-8B4A-11D0-8D11-00A0C91BC942}") = "3", "3\3.vcxproj", "{478E3B3F-B861-496E-BEA3-D0F9D3FFE97A}"
EndProject
Project("{8BC9CEB8-8B4A-11D0-8D11-00A0C91BC942}") = "4", "4\4.vcxproj", "{D8E2F49A-0FF2-4B19-81A1-9E67545DA9B0}"
EndProject
Project("{8BC9CEB8-8B4A-11D0-8D11-00A0C91BC942}") = "5", "5\5.vcxproj", "{B2F5DF5E-38A7-4B3E-88D0-B4BC4EEF292E}"
EndProject
Project("{8BC9CEB8-8B4A-11D0-8D11-00A0C91BC942}") = "6", "6\6.vcxproj", "{2D786ACB-23D8-4C33-B4DE-2ABCD9FD4462}"
EndProject
Project("{8BC9CEB8-8B4A-11D0-8D11-00A0C91BC942}") = "7", "7\7.vcxproj", "{9205D412-1224-41C0-981E-D32827E2C086}"
EndProject
Project("{8BC9CEB8-8B4A-11D0-8D11-00A0C91BC942}") = "8", "8\8.vcxproj", "{5127E56D-4B87-4F53-8644-DB8C717DDB07}"
EndProject
Project("{8BC9CEB8-8B4A-11D0-8D11-00A0C91BC942}") = "9", "9\9.vcxproj", "{99E515A5-4236-420B-88E1-ACE26B214A29}"
EndProject
Project("{8BC9CEB8-8B4A-11D0-8D11-00A0C91BC942}") = "10", "10\10.vcxproj", "{8A912EDD-F137-41D6-B08A-387538B0FFF6}"
EndProject
Project("{8BC9CEB8-8B4A-11D0-8D11-00A0C91BC942}") = "11", "11\11.vcxproj", "{72D0A763-D70F-43E7-8AD2-27A1D0E6EB45}"
EndProject
Project("{8BC9CEB8-8B4A-11D0-8D11-00A0C91BC942}") = "12", "12\12.vcxproj", "{F08F2995-A2C7-414D-B8AB-2523C848C340}"
EndProject
Project("{8BC9CEB8-8B4A-11D0-8D11-00A0C91BC942}") = "13", "13\13.vcxproj", "{DBB28014-9977-4399-8760-D3789B2C35D8}"
EndProject
Project("{8BC9CEB8-8B4A-11D0-8D11-00A0C91BC942}") = "inputsum.c", "inputsum.c\inputsum.c.vcxproj", "{5C36F63D-D8FA-45E5-B699-2C068C174E60}"
EndProject
Project("{8BC9CEB8-8B4A-11D0-8D11-00A0C91BC942}") = "14", "14\14.vcxproj", "{22DD0717-1712-4315-9FF8-BA72958906D1}"
EndProject
Project("{8BC9CEB8-8B4A-11D0-8D11-00A0C91BC942}") = "15", "15\15.vcxproj", "{9B372C27-7D6E-4538-B4AF-6F5D1384F4F7}"
EndProject
Project("{8BC9CEB8-8B4A-11D0-8D11-00A0C91BC942}") = "16", "16\16.vcxproj", "{F2BA505F-ED12-49A0-9B4B-F09BB60BC9F9}"
EndProject
Project("{8BC9CEB8-8B4A-11D0-8D11-00A0C91BC942}") = "17", "17\17.vcxproj", "{7215BA17-7BFD-45C5-A9E3-38BA7CD5A4C8}"
EndProject
Project("{8BC9CEB8-8B4A-11D0-8D11-00A0C91BC942}") = "18", "18\18.vcxproj", "{B70FA428-4647-4435-8C38-D60BE3DB1239}"
EndProject
Project("{8BC9CEB8-8B4A-11D0-8D11-00A0C91BC942}") = "19", "19\19.vcxproj", "{6AA97A74-37AB-400F-95B0-74AEB244210F}"
EndProject
Project("{8BC9CEB8-8B4A-11D0-8D11-00A0C91BC942}") = "20", "20\20.vcxproj", "{C50FE44B-CCE1-4B57-BD35-F83D523D4BF3}"
EndProject
Project("{8BC9CEB8-8B4A-11D0-8D11-00A0C91BC942}") = "21", "21\21.vcxproj", "{D530E0C5-5CE3-411F-8F92-10864B4426AC}"
EndProject
Project("{8BC9CEB8-8B4A-11D0-8D11-00A0C91BC942}") = "22", "22\22.vcxproj", "{8345F6F7-2B01-49AD-A50F-F7C81BAA85F0}"
EndProject
Project("{8BC9CEB8-8B4A-11D0-8D11-00A0C91BC942}") = "23", "23\23.vcxproj", "{5831D579-E631-4484-B485-B0A31AD9F392}"
EndProject
Project("{8BC9CEB8-8B4A-11D0-8D11-00A0C91BC942}") = "24", "24\24.vcxproj", "{E5A140D3-4B60-44E1-BDC3-11165DC8F487}"
EndProject
Global
	GlobalSection(SolutionConfigurationPlatforms) = preSolution
		Debug|x64 = Debug|x64
		Debug|x86 = Debug|x86
		Release|x64 = Release|x64
		Release|x86 = Release|x86
	EndGlobalSection
	GlobalSection(ProjectConfigurationPlatforms) = postSolution
		{F9B3B878-63A5-4601-9D1A-B36619052736}.Debug|x64.ActiveCfg = Debug|x64
		{F9B3B878-63A5-4601-9D1A-B36619052736}.Debug|x64.Build.0 = Debug|x64
		{F9B3B878-63A5-4601-9D1A-B36619052736}.Debug|x86.ActiveCfg = Debug|Win32
		{F9B3B878-63A5-4601-9D1A-B36619052736}.Debug|x86.Build.0 = Debug|Win32
		{F9B3B878-63A5-4601-9D1A-B36619052736}.Release|x64.ActiveCfg = Release|x64
		{F9B3B878-63A5-4601-9D1A-B36619052736}.Release|x64.Build.0 = Release|x64
		{F9B3B878-63A5-4601-9D1A-B36619052736}.Release|x86.ActiveCfg = Release|Win32
		{F9B3B878-63A5-4601-9D1A-B36619052736}.Release|x86.Build.0 = Release|Win32
		{F9111D3F-060E-40C4-9C76-0D80D64FF793}.Debug|x64.ActiveCfg = Debug|x64
		{F9111D3F-060E-40C4-9C76-0D80D64FF793}.Debug|x64.Build.0 = Debug|x64
		{F9111D3F-060E-40C4-9C76-0D80D64FF793}.Debug|x86.ActiveCfg = Debug|Win32
		{F9111D3F-060E-40C4-9C76-0D80D64FF793}.Debug|x86.Build.0 = Debug|Win32
		{F9111D3F-060E-40C4-9C76-0D80D64FF793}.Release|x64.ActiveCfg = Release|x64
		{F9111D3F-060E-40C4-9C76-0D80D64FF793}.Release|x64.Build.0 = Release|x64
		{F9111D3F-060E-40C4-9C76-0D80D64FF793}.Release|x86.ActiveCfg = Release|Win32
		{F9111D3F-060E-40C4-9C76-0D80D64FF793}.Release|x86.Build.0 = Release|Win32
		{478E3B3F-B861-496E-BEA3-D0F9D3FFE97A}.Debug|x64.ActiveCfg = Debug|x64
		{478E3B3F-B861-496E-BEA3-D0F9D3FFE97A}.Debug|x64.Build.0 = Debug|x64
		{478E3B3F-B861-496E-BEA3-D0F9D3FFE97A}.Debug|x86.ActiveCfg = Debug|Win32
		{478E3B3F-B861-496E-BEA3-D0F9D3FFE97A}.Debug|x86.Build.0 = Debug|Win32
		{478E3B3F-B861-496E-BEA3-D0F9D3FFE97A}.Release|x64.ActiveCfg = Release|x64
		{478E3B3F-B861-496E-BEA3-D0F9D3FFE97A}.Release|x64.Build.0 = Release|x64
		{478E3B3F-B861-496E-BEA3-D0F9D3FFE97A}.Release|x86.ActiveCfg = Release|Win32
		{478E3B3F-B861-496E-BEA3-D0F9D3FFE97A}.Release|x86.Build.0 = Release|Win32
		{D8E2F49A-0FF2-4B19-81A1-9E67545DA9B0}.Debug|x64.ActiveCfg = Debug|x64
		{D8E2F49A-0FF2-4B19-81A1-9E67545DA9B0}.Debug|x64.Build.0 = Debug|x64
		{D8E2F49A-0FF2-4B19-81A1-9E67545DA9B0}.Debug|x86.ActiveCfg = Debug|Win32
		{D8E2F49A-0FF2-4B19-81A1-9E67545DA9B0}.Debug|x86.Build.0 = Debug|Win32
		{D8E2F49A-0FF2-4B19-81A1-9E67545DA9B0}.Release|x64.ActiveCfg = Release|x64
		{D8E2F49A-0FF2-4B19-81A1-9E67545DA9B0}.Release|x64.Build.0 = Release|x64
		{D8E2F49A-0FF2-4B19-81A1-9E67545DA9B0}.Release|x86.ActiveCfg = Release|Win32
		{D8E2F49A-0FF2-4B19-81A1-9E67545DA9B0}.Release|x86.Build.0 = Release|Win32
		{B2F5DF5E-38A7-4B3E-88D0-B4BC4EEF292E}.Debug|x64.ActiveCfg = Debug|x64
		{B2F5DF5E-38A7-4B3E-88D0-B4BC4EEF292E}.Debug|x64.Build.0 = Debug|x64
		{B2F5DF5E-38A7-4B3E-88D0-B4BC4EEF292E}.Debug|x86.ActiveCfg = Debug|Win32
		{B2F5DF5E-38A7-4B3E-88D0-B4BC4EEF292E}.Debug|x86.Build.0 = Debug|Win32
		{B2F5DF5E-38A7-4B3E-88D0-B4BC4EEF292E}.Release|x64.ActiveCfg = Release|x64
		{B2F5DF5E-38A7-4B3E-88D0-B4BC4EEF292E}.Release|x64.Build.0 = Release|x64
		{B2F5DF5E-38A7-4B3E-88D0-B4BC4EEF292E}.Release|x86.ActiveCfg = Release|Win32
		{B2F5DF5E-38A7-4B3E-88D0-B4BC4EEF292E}.Release|x86.Build.0 = Release|Win32
		{2D786ACB-23D8-4C33-B4DE-2ABCD9FD4462}.Debug|x64.ActiveCfg = Debug|x64
		{2D786ACB-23D8-4C33-B4DE-2ABCD9FD4462}.Debug|x64.Build.0 = Debug|x64
		{2D786ACB-23D8-4C33-B4DE-2ABCD9FD4462}.Debug|x86.ActiveCfg = Debug|Win32
		{2D786ACB-23D8-4C33-B4DE-2ABCD9FD4462}.Debug|x86.Build.0 = Debug|Win32
		{2D786ACB-23D8-4C33-B4DE-2ABCD9FD4462}.Release|x64.ActiveCfg = Release|x64
		{2D786ACB-23D8-4C33-B4DE-2ABCD9FD4462}.Release|x64.Build.0 = Release|x64
		{2D786ACB-23D8-4C33-B4DE-2ABCD9FD4462}.Release|x86.ActiveCfg = Release|Win32
		{2D786ACB-23D8-4C33-B4DE-2ABCD9FD4462}.Release|x86.Build.0 = Release|Win32
		{9205D412-1224-41C0-981E-D32827E2C086}.Debug|x64.ActiveCfg = Debug|x64
		{9205D412-1224-41C0-981E-D32827E2C086}.Debug|x64.Build.0 = Debug|x64
		{9205D412-1224-41C0-981E-D32827E2C086}.Debug|x86.ActiveCfg = Debug|Win32
		{9205D412-1224-41C0-981E-D32827E2C086}.Debug|x86.Build.0 = Debug|Win32
		{9205D412-1224-41C0-981E-D32827E2C086}.Release|x64.ActiveCfg = Release|x64
		{9205D412-1224-41C0-981E-D32827E2C086}.Release|x64.Build.0 = Release|x64
		{9205D412-1224-41C0-981E-D32827E2C086}.Release|x86.ActiveCfg = Release|Win32
		{9205D412-1224-41C0-981E-D32827E2C086}.Release|x86.Build.0 = Release|Win32
		{5127E56D-4B87-4F53-8644-DB8C717DDB07}.Debug|x64.ActiveCfg = Debug|x64
		{5127E56D-4B87-4F53-8644-DB8C717DDB07}.Debug|x64.Build.0 = Debug|x64
		{5127E56D-4B87-4F53-8644-DB8C717DDB07}.Debug|x86.ActiveCfg = Debug|Win32
		{5127E56D-4B87-4F53-8644-DB8C717DDB07}.Debug|x86.Build.0 = Debug|Win32
		{5127E56D-4B87-4F53-8644-DB8C717DDB07}.Release|x64.ActiveCfg = Release|x64
		{5127E56D-4B87-4F53-8644-DB8C717DDB07}.Release|x64.Build.0 = Release|x64
		{5127E56D-4B87-4F53-8644-DB8C717DDB07}.Release|x86.ActiveCfg = Release|Win32
		{5127E56D-4B87-4F53-8644-DB8C717DDB07}.Release|x86.Build.0 = Release|Win32
		{99E515A5-4236-420B-88E1-ACE26B214A29}.Debug|x64.ActiveCfg = Debug|x64
		{99E515A5-4236-420B-88E1-ACE26B214A29}.Debug|x64.Build.0 = Debug|x64
		{99E515A5-4236-420B-88E1-ACE26B214A29}.Debug|x86.ActiveCfg = Debug|Win32
		{99E515A5-4236-420B-88E1-ACE26B214A29}.Debug|x86.Build.0 = Debug|Win32
		{99E515A5-4236-420B-88E1-ACE26B214A29}.Release|x64.ActiveCfg = Release|x64
		{99E515A5-4236-420B-88E1-ACE26B214A29}.Release|x64.Build.0 = Release|x64
		{99E515A5-4236-420B-88E1-ACE26B214A29}.Release|x86.ActiveCfg = Release|Win32
		{99E515A5-4236-420B-88E1-ACE26B214A29}.Release|x86.Build.0 = Release|Win32
		{8A912EDD-F137-41D6-B08A-387538B0FFF6}.Debug|x64.ActiveCfg = Debug|x64
		{8A912EDD-F137-41D6-B08A-387538B0FFF6}.Debug|x64.Build.0 = Debug|x64
		{8A912EDD-F137-41D6-B08A-387538B0FFF6}.Debug|x86.ActiveCfg = Debug|Win32
		{8A912EDD-F137-41D6-B08A-387538B0FFF6}.Debug|x86.Build.0 = Debug|Win32
		{8A912EDD-F137-41D6-B08A-387538B0FFF6}.Release|x64.ActiveCfg = Release|x64
		{8A912EDD-F137-41D6-B08A-387538B0FFF6}.Release|x64.Build.0 = Release|x64
		{8A912EDD-F137-41D6-B08A-387538B0FFF6}.Release|x86.ActiveCfg = Release|Win32
		{8A912EDD-F137-41D6-B08A-387538B0FFF6}.Release|x86.Build.0 = Release|Win32
		{72D0A763-D70F-43E7-8AD2-27A1D0E6EB45}.Debug|x64.ActiveCfg = Debug|x64
		{72D0A763-D70F-43E7-8AD2-27A1D0E6EB45}.Debug|x64.Build.0 = Debug|x64
		{72D0A763-D70F-43E7-8AD2-27A1D0E6EB45}.Debug|x86.ActiveCfg = Debug|Win32
		{72D0A763-D70F-43E7-8AD2-27A1D0E6EB45}.Debug|x86.Build.0 = Debug|Win32
		{72D0A763-D70F-43E7-8AD2-27A1D0E6EB45}.Release|x64.ActiveCfg = Release|x64
		{72D0A763-D70F-43E7-8AD2-27A1D0E6EB45}.Release|x64.Build.0 = Release|x64
		{72D0A763-D70F-43E7-8AD2-27A1D0E6EB45}.Release|x86.ActiveCfg = Release|Win32
		{72D0A763-D70F-43E7-8AD2-27A1D0E6EB45}.Release|x86.Build.0 = Release|Win32
		{F08F2995-A2C7-414D-B8AB-2523C848C340}.Debug|x64.ActiveCfg = Debug|x64
		{F08F2995-A2C7-414D-B8AB-2523C848C340}.Debug|x64.Build.0 = Debug|x64
		{F08F2995-A2C7-414D-B8AB-2523C848C340}.Debug|x86.ActiveCfg = Debug|Win32
		{F08F2995-A2C7-414D-B8AB-2523C848C340}.Debug|x86.Build.0 = Debug|Win32
		{F08F2995-A2C7-414D-B8AB-2523C848C340}.Release|x64.ActiveCfg = Release|x64
		{F08F2995-A2C7-414D-B8AB-2523C848C340}.Release|x64.Build.0 = Release|x64
		{F08F2995-A2C7-414D-B8AB-2523C848C340}.Release|x86.ActiveCfg = Release|Win32
		{F08F2995-A2C7-414D-B8AB-2523C848C340}.Release|x86.Build.0 = Release|Win32
		{DBB28014-9977-4399-8760-D3789B2C35D8}.Debug|x64.ActiveCfg = Debug|x64
		{DBB28014-9977-4399-8760-D3789B2C35D8}.Debug|x64.Build.0 = Debug|x64
		{DBB28014-9977-4399-8760-D3789B2C35D8}.Debug|x86.ActiveCfg = Debug|Win32
		{DBB28014-9977-4399-8760-D3789B2C35D8}.Debug|x86.Build.0 = Debug|Win32
		{DBB28014-9977-4399-8760-D3789B2C35D8}.Release|x64.ActiveCfg = Release|x64
		{DBB28014-9977-4399-8760-D3789B2C35D8}.Release|x64.Build.0 = Release|x64
		{DBB28014-9977-4399-8760-D3789B2C35D8}.Release|x86.ActiveCfg = Release|Win32
		{DBB28014-9977-4399-8760-D3789B2C35D8}.Release|x86.Build.0 = Release|Win32
		{5C36F63D-D8FA-45E5-B699-2C068C174E60}.Debug|x64.ActiveCfg = Debug|x64
		{5C36F63D-D8FA-45E5-B699-2C068C174E60}.Debug|x64.Build.0 = Debug|x64
		{5C36F63D-D8FA-45E5-B699-2C068C174E60}.Debug|x86.ActiveCfg = Debug|Win32
		{5C36F63D-D8FA-45E5-B699-2C068C174E60}.Debug|x86.Build.0 = Debug|Win32
		{5C36F63D-D8FA-45E5-B699-2C068C174E60}.Release|x64.ActiveCfg = Release|x64
		{5C36F63D-D8FA-45E5-B699-2C068C174E60}.Release|x64.Build.0 = Release|x64
		{5C36F63D-D8FA-45E5-B699-2C068C174E60}.Release|x86.ActiveCfg = Release|Win32
		{5C36F63D-D8FA-45E5-B699-2C068C174E60}.Release|x86.Build.0 = Release|Win32
		{22DD0717-1712-4315-9FF8-BA72958906D1}.Debug|x64.ActiveCfg = Debug|x64
		{22DD0717-1712-4315-9FF8-BA72958906D1}.Debug|x64.Build.0 = Debug|x64
		{22DD0717-1712-4315-9FF8-BA72958906D1}.Debug|x86.ActiveCfg = Debug|Win32
		{22DD0717-1712-4315-9FF8-BA72958906D1}.Debug|x86.Build.0 = Debug|Win32
		{22DD0717-1712-4315-9FF8-BA72958906D1}.Release|x64.ActiveCfg = Release|x64
		{22DD0717-1712-4315-9FF8-BA72958906D1}.Release|x64.Build.0 = Release|x64
		{22DD0717-1712-4315-9FF8-BA72958906D1}.Release|x86.ActiveCfg = Release|Win32
		{22DD0717-1712-4315-9FF8-BA72958906D1}.Release|x86.Build.0 = Release|Win32
		{9B372C27-7D6E-4538-B4AF-6F5D1384F4F7}.Debug|x64.ActiveCfg = Debug|x64
		{9B372C27-7D6E-4538-B4AF-6F5D1384F4F7}.Debug|x64.Build.0 = Debug|x64
		{9B372C27-7D6E-4538-B4AF-6F5D1384F4F7}.Debug|x86.ActiveCfg = Debug|Win32
		{9B372C27-7D6E-4538-B4AF-6F5D1384F4F7}.Debug|x86.Build.0 = Debug|Win32
		{9B372C27-7D6E-4538-B4AF-6F5D1384F4F7}.Release|x64.ActiveCfg = Release|x64
		{9B372C27-7D6E-4538-B4AF-6F5D1384F4F7}.Release|x64.Build.0 = Release|x64
		{9B372C27-7D6E-4538-B4AF-6F5D1384F4F7}.Release|x86.ActiveCfg = Release|Win32
		{9B372C27-7D6E-4538-B4AF-6F5D1384F4F7}.Release|x86.Build.0 = Release|Win32
		{F2BA505F-ED12-49A0-9B4B-F09BB60BC9F9}.Debug|x64.ActiveCfg = Debug|x64
		{F2BA505F-ED12-49A0-9B4B-F09BB60BC9F9}.Debug|x64.Build.0 = Debug|x64
		{F2BA505F-ED12-49A0-9B4B-F09BB60BC9F9}.Debug|x86.ActiveCfg = Debug|Win32
		{F2BA505F-ED12-49A0-9B4B-F09BB60BC9F9}.Debug|x86.Build.0 = Debug|Win32
		{F2BA505F-ED12-49A0-9B4B-F09BB60BC9F9}.Release|x64.ActiveCfg = Release|x64
		{F2BA505F-ED12-49A0-9B4B-F09BB60BC9F9}.Release|x64.Build.0 = Release|x64
		{F2BA505F-ED12-49A0-9B4B-F09BB60BC9F9}.Release|x86.ActiveCfg = Release|Win32
		{F2BA505F-ED12-49A0-9B4B-F09BB60BC9F9}.Release|x86.Build.0 = Release|Win32
		{7215BA17-7BFD-45C5-A9E3-38BA7CD5A4C8}.Debug|x64.ActiveCfg = Debug|x64
		{7215BA17-7BFD-45C5-A9E3-38BA7CD5A4C8}.Debug|x64.Build.0 = Debug|x64
		{7215BA17-7BFD-45C5-A9E3-38BA7CD5A4C8}.Debug|x86.ActiveCfg = Debug|Win32
		{7215BA17-7BFD-45C5-A9E3-38BA7CD5A4C8}.Debug|x86.Build.0 = Debug|Win32
		{7215BA17-7BFD-45C5-A9E3-38BA7CD5A4C8}.Release|x64.ActiveCfg = Release|x64
		{7215BA17-7BFD-45C5-A9E3-38BA7CD5A4C8}.Release|x64.Build.0 = Release|x64
		{7215BA17-7BFD-45C5-A9E3-38BA7CD5A4C8}.Release|x86.ActiveCfg = Release|Win32
		{7215BA17-7BFD-45C5-A9E3-38BA7CD5A4C8}.Release|x86.Build.0 = Release|Win32
		{B70FA428-4647-4435-8C38-D60BE3DB1239}.Debug|x64.ActiveCfg = Debug|x64
		{B70FA428-4647-4435-8C38-D60BE3DB1239}.Debug|x64.Build.0 = Debug|x64
		{B70FA428-4647-4435-8C38-D60BE3DB1239}.Debug|x86.ActiveCfg = Debug|Win32
		{B70FA428-4647-4435-8C38-D60BE3DB1239}.Debug|x86.Build.0 = Debug|Win32
		{B70FA428-4647-4435-8C38-D60BE3DB1239}.Release|x64.ActiveCfg = Release|x64
		{B70FA428-4647-4435-8C38-D60BE3DB1239}.Release|x64.Build.0 = Release|x64
		{B70FA428-4647-4435-8C38-D60BE3DB1239}.Release|x86.ActiveCfg = Release|Win32
		{B70FA428-4647-4435-8C38-D60BE3DB1239}.Release|x86.Build.0 = Release|Win32
		{6AA97A74-37AB-400F-95B0-74AEB244210F}.Debug|x64.ActiveCfg = Debug|x64
		{6AA97A74-37AB-400F-95B0-74AEB244210F}.Debug|x64.Build.0 = Debug|x64
		{6AA97A74-37AB-400F-95B0-74AEB244210F}.Debug|x86.ActiveCfg = Debug|Win32
		{6AA97A74-37AB-400F-95B0-74AEB244210F}.Debug|x86.Build.0 = Debug|Win32
		{6AA97A74-37AB-400F-95B0-74AEB244210F}.Release|x64.ActiveCfg = Release|x64
		{6AA97A74-37AB-400F-95B0-74AEB244210F}.Release|x64.Build.0 = Release|x64
		{6AA97A74-37AB-400F-95B0-74AEB244210F}.Release|x86.ActiveCfg = Release|Win32
		{6AA97A74-37AB-400F-95B0-74AEB244210F}.Release|x86.Build.0 = Release|Win32
		{C50FE44B-CCE1-4B57-BD35-F83D523D4BF3}.Debug|x64.ActiveCfg = Debug|x64
		{C50FE44B-CCE1-4B57-BD35-F83D523D4BF3}.Debug|x64.Build.0 = Debug|x64
		{C50FE44B-CCE1-4B57-BD35-F83D523D4BF3}.Debug|x86.ActiveCfg = Debug|Win32
		{C50FE44B-CCE1-4B57-BD35-F83D523D4BF3}.Debug|x86.Build.0 = Debug|Win32
		{C50FE44B-CCE1-4B57-BD35-F83D523D4BF3}.Release|x64.ActiveCfg = Release|x64
		{C50FE44B-CCE1-4B57-BD35-F83D523D4BF3}.Release|x64.Build.0 = Release|x64
		{C50FE44B-CCE1-4B57-BD35-F83D523D4BF3}.Release|x86.ActiveCfg = Release|Win32
		{C50FE44B-CCE1-4B57-BD35-F83D523D4BF3}.Release|x86.Build.0 = Release|Win32
		{D530E0C5-5CE3-411F-8F92-10864B4426AC}.Debug|x64.ActiveCfg = Debug|x64
		{D530E0C5-5CE3-411F-8F92-10864B4426AC}.Debug|x64.Build.0 = Debug|x64
		{D530E0C5-5CE3-411F-8F92-10864B4426AC}.Debug|x86.ActiveCfg = Debug|Win32
		{D530E0C5-5CE3-411F-8F92-10864B4426AC}.Debug|x86.Build.0 = Debug|Win32
		{D530E0C5-5CE3-411F-8F92-10864B4426AC}.Release|x64.ActiveCfg = Release|x64
		{D530E0C5-5CE3-411F-8F92-10864B4426AC}.Release|x64.Build.0 = Release|x64
		{D530E0C5-5CE3-411F-8F92-10864B4426AC}.Release|x86.ActiveCfg = Release|Win32
		{D530E0C5-5CE3-411F-8F92-10864B4426AC}.Release|x86.Build.0 = Release|Win32
		{8345F6F7-2B01-49AD-A50F-F7C81BAA85F0}.Debug|x64.ActiveCfg = Debug|x64
		{8345F6F7-2B01-49AD-A50F-F7C81BAA85F0}.Debug|x64.Build.0 = Debug|x64
		{8345F6F7-2B01-49AD-A50F-F7C81BAA85F0}.Debug|x86.ActiveCfg = Debug|Win32
		{8345F6F7-2B01-49AD-A50F-F7C81BAA85F0}.Debug|x86.Build.0 = Debug|Win32
		{8345F6F7-2B01-49AD-A50F-F7C81BAA85F0}.Release|x64.ActiveCfg = Release|x64
		{8345F6F7-2B01-49AD-A50F-F7C81BAA85F0}.Release|x64.Build.0 = Release|x64
		{8345F6F7-2B01-49AD-A50F-F7C81BAA85F0}.Release|x86.ActiveCfg = Release|Win32
		{8345F6F7-2B01-49AD-A50F-F7C81BAA85F0}.Release|x86.Build.0 = Release|Win32
		{5831D579-E631-4484-B485-B0A31AD9F392}.Debug|x64.ActiveCfg = Debug|x64
		{5831D579-E631-4484-B485-B0A31AD9F392}.Debug|x64.Build.0 = Debug|x64
		{5831D579-E631-4484-B485-B0A31AD9F392}.Debug|x86.ActiveCfg = Debug|Win32
		{5831D579-E631-4484-B485-B0A31AD9F392}.Debug|x86.Build.0 = Debug|Win32
		{5831D579-E631-4484-B485-B0A31AD9F392}.Release|x64.ActiveCfg = Release|x64
		{5831D579-E631-4484-B485-B0A31AD9F392}.Release|x64.Build.0 = Release|x64
		{5831D579-E631-4484-B485-B0A31AD9F392}.Release|x86.ActiveCfg = Release|Win32
		{5831D579-E631-4484-B485-B0A31AD9F392}.Release|x86.Build.0 = Release|Win32
		{E5A140D3-4B60-44E1-BDC3-11165DC8F487}.Debug|x64.ActiveCfg = Debug|x64
		{E5A140D3-4B60-44E1-BDC3-11165DC8F487}.Debug|x64.Build.0 = Debug|x64
		{E5A140D3-4B60-44E1-BDC3-11165DC8F487}.Debug|x86.ActiveCfg = Debug|Win32
		{E5A140D3-4B60-44E1-BDC3-11165DC8F487}.Debug|x86.Build.0 = Debug|Win32
		{E5A140D3-4B60-44E1-BDC3-11165DC8F487}.Release|x64.ActiveCfg = Release|x64
		{E5A140D3-4B60-44E1-BDC3-11165DC8F487}.Release|x64.Build.0 = Release|x64
		{E5A140D3-4B60-44E1-BDC3-11165DC8F487}.Release|x86.ActiveCfg = Release|Win32
		{E5A140D3-4B60-44E1-BDC3-11165DC8F487}.Release|x86.Build.0 = Release|Win32
	EndGlobalSection
	GlobalSection(SolutionProperties) = preSolution
		HideSolutionNode = FALSE
	EndGlobalSection
EndGlobal
