
Microsoft Visual Studio Solution File, Format Version 12.00
# Visual Studio 14
VisualStudioVersion = 14.0.25420.1
MinimumVisualStudioVersion = 10.0.40219.1
Project("{8BC9CEB8-8B4A-11D0-8D11-00A0C91BC942}") = "1", "1\1.vcxproj", "{B66EF74E-C3F2-4F90-A832-05D403D5DE21}"
EndProject
Project("{8BC9CEB8-8B4A-11D0-8D11-00A0C91BC942}") = "2", "2\2.vcxproj", "{2356BB6B-171E-4B7D-AB11-5A7643744004}"
EndProject
Project("{8BC9CEB8-8B4A-11D0-8D11-00A0C91BC942}") = "3", "3\3.vcxproj", "{6F649544-164C-495E-A3E0-6602844E2C28}"
EndProject
Project("{8BC9CEB8-8B4A-11D0-8D11-00A0C91BC942}") = "4", "4\4.vcxproj", "{CDC73360-65DD-4978-A064-95979329A257}"
EndProject
Project("{8BC9CEB8-8B4A-11D0-8D11-00A0C91BC942}") = "5", "5\5.vcxproj", "{2D81DAC5-07DF-45F1-83BA-E305986F8920}"
EndProject
Project("{8BC9CEB8-8B4A-11D0-8D11-00A0C91BC942}") = "6", "6\6.vcxproj", "{2A178C54-C224-41C0-B875-93AA7062EF96}"
EndProject
Project("{8BC9CEB8-8B4A-11D0-8D11-00A0C91BC942}") = "7", "7\7.vcxproj", "{40991662-B7A0-46AA-A518-081C366B569D}"
EndProject
Project("{8BC9CEB8-8B4A-11D0-8D11-00A0C91BC942}") = "8", "8\8.vcxproj", "{8B1D4CA2-BD02-4762-B248-53D88DAD5033}"
EndProject
Project("{8BC9CEB8-8B4A-11D0-8D11-00A0C91BC942}") = "9", "9\9.vcxproj", "{3D5FB316-4838-4BA6-A88A-AE08CC835D60}"
EndProject
Project("{8BC9CEB8-8B4A-11D0-8D11-00A0C91BC942}") = "10", "10\10.vcxproj", "{ECB5B2F2-E5C6-4E8D-9ADE-F3860243B052}"
EndProject
Project("{8BC9CEB8-8B4A-11D0-8D11-00A0C91BC942}") = "11", "11\11.vcxproj", "{278D8ED8-B457-42EB-98B0-BB68995AF03E}"
EndProject
Project("{8BC9CEB8-8B4A-11D0-8D11-00A0C91BC942}") = "12", "12\12.vcxproj", "{9CFE395C-ECD2-47BD-A340-3328F9D4E906}"
EndProject
Project("{8BC9CEB8-8B4A-11D0-8D11-00A0C91BC942}") = "13", "13\13.vcxproj", "{7498EA4C-601A-41CC-8A86-4EB4525B17C2}"
EndProject
Project("{8BC9CEB8-8B4A-11D0-8D11-00A0C91BC942}") = "14", "14\14.vcxproj", "{3B524056-0507-40CB-AC13-C13E7C4CA16D}"
EndProject
Global
	GlobalSection(SolutionConfigurationPlatforms) = preSolution
		Debug|x64 = Debug|x64
		Debug|x86 = Debug|x86
		Release|x64 = Release|x64
		Release|x86 = Release|x86
	EndGlobalSection
	GlobalSection(ProjectConfigurationPlatforms) = postSolution
		{B66EF74E-C3F2-4F90-A832-05D403D5DE21}.Debug|x64.ActiveCfg = Debug|x64
		{B66EF74E-C3F2-4F90-A832-05D403D5DE21}.Debug|x64.Build.0 = Debug|x64
		{B66EF74E-C3F2-4F90-A832-05D403D5DE21}.Debug|x86.ActiveCfg = Debug|Win32
		{B66EF74E-C3F2-4F90-A832-05D403D5DE21}.Debug|x86.Build.0 = Debug|Win32
		{B66EF74E-C3F2-4F90-A832-05D403D5DE21}.Release|x64.ActiveCfg = Release|x64
		{B66EF74E-C3F2-4F90-A832-05D403D5DE21}.Release|x64.Build.0 = Release|x64
		{B66EF74E-C3F2-4F90-A832-05D403D5DE21}.Release|x86.ActiveCfg = Release|Win32
		{B66EF74E-C3F2-4F90-A832-05D403D5DE21}.Release|x86.Build.0 = Release|Win32
		{2356BB6B-171E-4B7D-AB11-5A7643744004}.Debug|x64.ActiveCfg = Debug|x64
		{2356BB6B-171E-4B7D-AB11-5A7643744004}.Debug|x64.Build.0 = Debug|x64
		{2356BB6B-171E-4B7D-AB11-5A7643744004}.Debug|x86.ActiveCfg = Debug|Win32
		{2356BB6B-171E-4B7D-AB11-5A7643744004}.Debug|x86.Build.0 = Debug|Win32
		{2356BB6B-171E-4B7D-AB11-5A7643744004}.Release|x64.ActiveCfg = Release|x64
		{2356BB6B-171E-4B7D-AB11-5A7643744004}.Release|x64.Build.0 = Release|x64
		{2356BB6B-171E-4B7D-AB11-5A7643744004}.Release|x86.ActiveCfg = Release|Win32
		{2356BB6B-171E-4B7D-AB11-5A7643744004}.Release|x86.Build.0 = Release|Win32
		{6F649544-164C-495E-A3E0-6602844E2C28}.Debug|x64.ActiveCfg = Debug|x64
		{6F649544-164C-495E-A3E0-6602844E2C28}.Debug|x64.Build.0 = Debug|x64
		{6F649544-164C-495E-A3E0-6602844E2C28}.Debug|x86.ActiveCfg = Debug|Win32
		{6F649544-164C-495E-A3E0-6602844E2C28}.Debug|x86.Build.0 = Debug|Win32
		{6F649544-164C-495E-A3E0-6602844E2C28}.Release|x64.ActiveCfg = Release|x64
		{6F649544-164C-495E-A3E0-6602844E2C28}.Release|x64.Build.0 = Release|x64
		{6F649544-164C-495E-A3E0-6602844E2C28}.Release|x86.ActiveCfg = Release|Win32
		{6F649544-164C-495E-A3E0-6602844E2C28}.Release|x86.Build.0 = Release|Win32
		{CDC73360-65DD-4978-A064-95979329A257}.Debug|x64.ActiveCfg = Debug|x64
		{CDC73360-65DD-4978-A064-95979329A257}.Debug|x64.Build.0 = Debug|x64
		{CDC73360-65DD-4978-A064-95979329A257}.Debug|x86.ActiveCfg = Debug|Win32
		{CDC73360-65DD-4978-A064-95979329A257}.Debug|x86.Build.0 = Debug|Win32
		{CDC73360-65DD-4978-A064-95979329A257}.Release|x64.ActiveCfg = Release|x64
		{CDC73360-65DD-4978-A064-95979329A257}.Release|x64.Build.0 = Release|x64
		{CDC73360-65DD-4978-A064-95979329A257}.Release|x86.ActiveCfg = Release|Win32
		{CDC73360-65DD-4978-A064-95979329A257}.Release|x86.Build.0 = Release|Win32
		{2D81DAC5-07DF-45F1-83BA-E305986F8920}.Debug|x64.ActiveCfg = Debug|x64
		{2D81DAC5-07DF-45F1-83BA-E305986F8920}.Debug|x64.Build.0 = Debug|x64
		{2D81DAC5-07DF-45F1-83BA-E305986F8920}.Debug|x86.ActiveCfg = Debug|Win32
		{2D81DAC5-07DF-45F1-83BA-E305986F8920}.Debug|x86.Build.0 = Debug|Win32
		{2D81DAC5-07DF-45F1-83BA-E305986F8920}.Release|x64.ActiveCfg = Release|x64
		{2D81DAC5-07DF-45F1-83BA-E305986F8920}.Release|x64.Build.0 = Release|x64
		{2D81DAC5-07DF-45F1-83BA-E305986F8920}.Release|x86.ActiveCfg = Release|Win32
		{2D81DAC5-07DF-45F1-83BA-E305986F8920}.Release|x86.Build.0 = Release|Win32
		{2A178C54-C224-41C0-B875-93AA7062EF96}.Debug|x64.ActiveCfg = Debug|x64
		{2A178C54-C224-41C0-B875-93AA7062EF96}.Debug|x64.Build.0 = Debug|x64
		{2A178C54-C224-41C0-B875-93AA7062EF96}.Debug|x86.ActiveCfg = Debug|Win32
		{2A178C54-C224-41C0-B875-93AA7062EF96}.Debug|x86.Build.0 = Debug|Win32
		{2A178C54-C224-41C0-B875-93AA7062EF96}.Release|x64.ActiveCfg = Release|x64
		{2A178C54-C224-41C0-B875-93AA7062EF96}.Release|x64.Build.0 = Release|x64
		{2A178C54-C224-41C0-B875-93AA7062EF96}.Release|x86.ActiveCfg = Release|Win32
		{2A178C54-C224-41C0-B875-93AA7062EF96}.Release|x86.Build.0 = Release|Win32
		{40991662-B7A0-46AA-A518-081C366B569D}.Debug|x64.ActiveCfg = Debug|x64
		{40991662-B7A0-46AA-A518-081C366B569D}.Debug|x64.Build.0 = Debug|x64
		{40991662-B7A0-46AA-A518-081C366B569D}.Debug|x86.ActiveCfg = Debug|Win32
		{40991662-B7A0-46AA-A518-081C366B569D}.Debug|x86.Build.0 = Debug|Win32
		{40991662-B7A0-46AA-A518-081C366B569D}.Release|x64.ActiveCfg = Release|x64
		{40991662-B7A0-46AA-A518-081C366B569D}.Release|x64.Build.0 = Release|x64
		{40991662-B7A0-46AA-A518-081C366B569D}.Release|x86.ActiveCfg = Release|Win32
		{40991662-B7A0-46AA-A518-081C366B569D}.Release|x86.Build.0 = Release|Win32
		{8B1D4CA2-BD02-4762-B248-53D88DAD5033}.Debug|x64.ActiveCfg = Debug|x64
		{8B1D4CA2-BD02-4762-B248-53D88DAD5033}.Debug|x64.Build.0 = Debug|x64
		{8B1D4CA2-BD02-4762-B248-53D88DAD5033}.Debug|x86.ActiveCfg = Debug|Win32
		{8B1D4CA2-BD02-4762-B248-53D88DAD5033}.Debug|x86.Build.0 = Debug|Win32
		{8B1D4CA2-BD02-4762-B248-53D88DAD5033}.Release|x64.ActiveCfg = Release|x64
		{8B1D4CA2-BD02-4762-B248-53D88DAD5033}.Release|x64.Build.0 = Release|x64
		{8B1D4CA2-BD02-4762-B248-53D88DAD5033}.Release|x86.ActiveCfg = Release|Win32
		{8B1D4CA2-BD02-4762-B248-53D88DAD5033}.Release|x86.Build.0 = Release|Win32
		{3D5FB316-4838-4BA6-A88A-AE08CC835D60}.Debug|x64.ActiveCfg = Debug|x64
		{3D5FB316-4838-4BA6-A88A-AE08CC835D60}.Debug|x64.Build.0 = Debug|x64
		{3D5FB316-4838-4BA6-A88A-AE08CC835D60}.Debug|x86.ActiveCfg = Debug|Win32
		{3D5FB316-4838-4BA6-A88A-AE08CC835D60}.Debug|x86.Build.0 = Debug|Win32
		{3D5FB316-4838-4BA6-A88A-AE08CC835D60}.Release|x64.ActiveCfg = Release|x64
		{3D5FB316-4838-4BA6-A88A-AE08CC835D60}.Release|x64.Build.0 = Release|x64
		{3D5FB316-4838-4BA6-A88A-AE08CC835D60}.Release|x86.ActiveCfg = Release|Win32
		{3D5FB316-4838-4BA6-A88A-AE08CC835D60}.Release|x86.Build.0 = Release|Win32
		{ECB5B2F2-E5C6-4E8D-9ADE-F3860243B052}.Debug|x64.ActiveCfg = Debug|x64
		{ECB5B2F2-E5C6-4E8D-9ADE-F3860243B052}.Debug|x64.Build.0 = Debug|x64
		{ECB5B2F2-E5C6-4E8D-9ADE-F3860243B052}.Debug|x86.ActiveCfg = Debug|Win32
		{ECB5B2F2-E5C6-4E8D-9ADE-F3860243B052}.Debug|x86.Build.0 = Debug|Win32
		{ECB5B2F2-E5C6-4E8D-9ADE-F3860243B052}.Release|x64.ActiveCfg = Release|x64
		{ECB5B2F2-E5C6-4E8D-9ADE-F3860243B052}.Release|x64.Build.0 = Release|x64
		{ECB5B2F2-E5C6-4E8D-9ADE-F3860243B052}.Release|x86.ActiveCfg = Release|Win32
		{ECB5B2F2-E5C6-4E8D-9ADE-F3860243B052}.Release|x86.Build.0 = Release|Win32
		{278D8ED8-B457-42EB-98B0-BB68995AF03E}.Debug|x64.ActiveCfg = Debug|x64
		{278D8ED8-B457-42EB-98B0-BB68995AF03E}.Debug|x64.Build.0 = Debug|x64
		{278D8ED8-B457-42EB-98B0-BB68995AF03E}.Debug|x86.ActiveCfg = Debug|Win32
		{278D8ED8-B457-42EB-98B0-BB68995AF03E}.Debug|x86.Build.0 = Debug|Win32
		{278D8ED8-B457-42EB-98B0-BB68995AF03E}.Release|x64.ActiveCfg = Release|x64
		{278D8ED8-B457-42EB-98B0-BB68995AF03E}.Release|x64.Build.0 = Release|x64
		{278D8ED8-B457-42EB-98B0-BB68995AF03E}.Release|x86.ActiveCfg = Release|Win32
		{278D8ED8-B457-42EB-98B0-BB68995AF03E}.Release|x86.Build.0 = Release|Win32
		{9CFE395C-ECD2-47BD-A340-3328F9D4E906}.Debug|x64.ActiveCfg = Debug|x64
		{9CFE395C-ECD2-47BD-A340-3328F9D4E906}.Debug|x64.Build.0 = Debug|x64
		{9CFE395C-ECD2-47BD-A340-3328F9D4E906}.Debug|x86.ActiveCfg = Debug|Win32
		{9CFE395C-ECD2-47BD-A340-3328F9D4E906}.Debug|x86.Build.0 = Debug|Win32
		{9CFE395C-ECD2-47BD-A340-3328F9D4E906}.Release|x64.ActiveCfg = Release|x64
		{9CFE395C-ECD2-47BD-A340-3328F9D4E906}.Release|x64.Build.0 = Release|x64
		{9CFE395C-ECD2-47BD-A340-3328F9D4E906}.Release|x86.ActiveCfg = Release|Win32
		{9CFE395C-ECD2-47BD-A340-3328F9D4E906}.Release|x86.Build.0 = Release|Win32
		{7498EA4C-601A-41CC-8A86-4EB4525B17C2}.Debug|x64.ActiveCfg = Debug|x64
		{7498EA4C-601A-41CC-8A86-4EB4525B17C2}.Debug|x64.Build.0 = Debug|x64
		{7498EA4C-601A-41CC-8A86-4EB4525B17C2}.Debug|x86.ActiveCfg = Debug|Win32
		{7498EA4C-601A-41CC-8A86-4EB4525B17C2}.Debug|x86.Build.0 = Debug|Win32
		{7498EA4C-601A-41CC-8A86-4EB4525B17C2}.Release|x64.ActiveCfg = Release|x64
		{7498EA4C-601A-41CC-8A86-4EB4525B17C2}.Release|x64.Build.0 = Release|x64
		{7498EA4C-601A-41CC-8A86-4EB4525B17C2}.Release|x86.ActiveCfg = Release|Win32
		{7498EA4C-601A-41CC-8A86-4EB4525B17C2}.Release|x86.Build.0 = Release|Win32
		{3B524056-0507-40CB-AC13-C13E7C4CA16D}.Debug|x64.ActiveCfg = Debug|x64
		{3B524056-0507-40CB-AC13-C13E7C4CA16D}.Debug|x64.Build.0 = Debug|x64
		{3B524056-0507-40CB-AC13-C13E7C4CA16D}.Debug|x86.ActiveCfg = Debug|Win32
		{3B524056-0507-40CB-AC13-C13E7C4CA16D}.Debug|x86.Build.0 = Debug|Win32
		{3B524056-0507-40CB-AC13-C13E7C4CA16D}.Release|x64.ActiveCfg = Release|x64
		{3B524056-0507-40CB-AC13-C13E7C4CA16D}.Release|x64.Build.0 = Release|x64
		{3B524056-0507-40CB-AC13-C13E7C4CA16D}.Release|x86.ActiveCfg = Release|Win32
		{3B524056-0507-40CB-AC13-C13E7C4CA16D}.Release|x86.Build.0 = Release|Win32
	EndGlobalSection
	GlobalSection(SolutionProperties) = preSolution
		HideSolutionNode = FALSE
	EndGlobalSection
EndGlobal
